
Microsoft Visual Studio Solution File, Format Version 12.00
# Visual Studio Version 17
VisualStudioVersion = 17.3.32901.215
MinimumVisualStudioVersion = 10.0.40219.1
Project("{888888A0-9F3D-457C-B088-3A5042F75D52}") = "HomeWork_GB_Python_02", "HomeWork_GB_Python_02\HomeWork_GB_Python_02.pyproj", "{AAA98D88-DFA5-45C9-9C00-576D9439F997}"
EndProject
Global
	GlobalSection(SolutionConfigurationPlatforms) = preSolution
		Debug|Any CPU = Debug|Any CPU
		Release|Any CPU = Release|Any CPU
	EndGlobalSection
	GlobalSection(ProjectConfigurationPlatforms) = postSolution
		{AAA98D88-DFA5-45C9-9C00-576D9439F997}.Debug|Any CPU.ActiveCfg = Debug|Any CPU
		{AAA98D88-DFA5-45C9-9C00-576D9439F997}.Release|Any CPU.ActiveCfg = Release|Any CPU
	EndGlobalSection
	GlobalSection(SolutionProperties) = preSolution
		HideSolutionNode = FALSE
	EndGlobalSection
	GlobalSection(ExtensibilityGlobals) = postSolution
		SolutionGuid = {2B0EE030-ABD6-4B8E-BCEF-679384FA3A73}
	EndGlobalSection
EndGlobal
